// !$*UTF8*$!
{
	archiveVersion = 1;
	classes = {
	};
	objectVersion = 50;
	objects = {

/* Begin PBXBuildFile section */
		C6132FF8240D4F480031714A /* AppDelegate.swift in Sources */ = {isa = PBXBuildFile; fileRef = C6132FF7240D4F480031714A /* AppDelegate.swift */; };
		C6132FFA240D4F480031714A /* SceneDelegate.swift in Sources */ = {isa = PBXBuildFile; fileRef = C6132FF9240D4F480031714A /* SceneDelegate.swift */; };
		C6132FFC240D4F480031714A /* LoginViewController.swift in Sources */ = {isa = PBXBuildFile; fileRef = C6132FFB240D4F480031714A /* LoginViewController.swift */; };
		C6132FFF240D4F480031714A /* Main.storyboard in Resources */ = {isa = PBXBuildFile; fileRef = C6132FFD240D4F480031714A /* Main.storyboard */; };
		C6133001240D4F4B0031714A /* Assets.xcassets in Resources */ = {isa = PBXBuildFile; fileRef = C6133000240D4F4B0031714A /* Assets.xcassets */; };
		C6133004240D4F4B0031714A /* LaunchScreen.storyboard in Resources */ = {isa = PBXBuildFile; fileRef = C6133002240D4F4B0031714A /* LaunchScreen.storyboard */; };
		C613300C240D586F0031714A /* ProfileViewController.swift in Sources */ = {isa = PBXBuildFile; fileRef = C613300B240D586F0031714A /* ProfileViewController.swift */; };
/* End PBXBuildFile section */

/* Begin PBXFileReference section */
		C6132FF4240D4F480031714A /* FirebaseAuth-Lab.app */ = {isa = PBXFileReference; explicitFileType = wrapper.application; includeInIndex = 0; path = "FirebaseAuth-Lab.app"; sourceTree = BUILT_PRODUCTS_DIR; };
		C6132FF7240D4F480031714A /* AppDelegate.swift */ = {isa = PBXFileReference; lastKnownFileType = sourcecode.swift; path = AppDelegate.swift; sourceTree = "<group>"; };
		C6132FF9240D4F480031714A /* SceneDelegate.swift */ = {isa = PBXFileReference; lastKnownFileType = sourcecode.swift; path = SceneDelegate.swift; sourceTree = "<group>"; };
		C6132FFB240D4F480031714A /* LoginViewController.swift */ = {isa = PBXFileReference; lastKnownFileType = sourcecode.swift; path = LoginViewController.swift; sourceTree = "<group>"; };
		C6132FFE240D4F480031714A /* Base */ = {isa = PBXFileReference; lastKnownFileType = file.storyboard; name = Base; path = Base.lproj/Main.storyboard; sourceTree = "<group>"; };
		C6133000240D4F4B0031714A /* Assets.xcassets */ = {isa = PBXFileReference; lastKnownFileType = folder.assetcatalog; path = Assets.xcassets; sourceTree = "<group>"; };
		C6133003240D4F4B0031714A /* Base */ = {isa = PBXFileReference; lastKnownFileType = file.storyboard; name = Base; path = Base.lproj/LaunchScreen.storyboard; sourceTree = "<group>"; };
		C6133005240D4F4B0031714A /* Info.plist */ = {isa = PBXFileReference; lastKnownFileType = text.plist.xml; path = Info.plist; sourceTree = "<group>"; };
		C613300B240D586F0031714A /* ProfileViewController.swift */ = {isa = PBXFileReference; lastKnownFileType = sourcecode.swift; path = ProfileViewController.swift; sourceTree = "<group>"; };
/* End PBXFileReference section */

/* Begin PBXFrameworksBuildPhase section */
		C6132FF1240D4F480031714A /* Frameworks */ = {
			isa = PBXFrameworksBuildPhase;
			buildActionMask = 2147483647;
			files = (
			);
			runOnlyForDeploymentPostprocessing = 0;
		};
/* End PBXFrameworksBuildPhase section */

/* Begin PBXGroup section */
		C6132FEB240D4F480031714A = {
			isa = PBXGroup;
			children = (
				C6132FF6240D4F480031714A /* FirebaseAuth-Lab */,
				C6132FF5240D4F480031714A /* Products */,
			);
			sourceTree = "<group>";
		};
		C6132FF5240D4F480031714A /* Products */ = {
			isa = PBXGroup;
			children = (
				C6132FF4240D4F480031714A /* FirebaseAuth-Lab.app */,
			);
			name = Products;
			sourceTree = "<group>";
		};
		C6132FF6240D4F480031714A /* FirebaseAuth-Lab */ = {
			isa = PBXGroup;
			children = (
				C6132FF7240D4F480031714A /* AppDelegate.swift */,
				C6132FF9240D4F480031714A /* SceneDelegate.swift */,
				C6132FFB240D4F480031714A /* LoginViewController.swift */,
				C613300B240D586F0031714A /* ProfileViewController.swift */,
				C6132FFD240D4F480031714A /* Main.storyboard */,
				C6133000240D4F4B0031714A /* Assets.xcassets */,
				C6133002240D4F4B0031714A /* LaunchScreen.storyboard */,
				C6133005240D4F4B0031714A /* Info.plist */,
			);
			path = "FirebaseAuth-Lab";
			sourceTree = "<group>";
		};
/* End PBXGroup section */

/* Begin PBXNativeTarget section */
		C6132FF3240D4F480031714A /* FirebaseAuth-Lab */ = {
			isa = PBXNativeTarget;
			buildConfigurationList = C6133008240D4F4B0031714A /* Build configuration list for PBXNativeTarget "FirebaseAuth-Lab" */;
			buildPhases = (
				C6132FF0240D4F480031714A /* Sources */,
				C6132FF1240D4F480031714A /* Frameworks */,
				C6132FF2240D4F480031714A /* Resources */,
			);
			buildRules = (
			);
			dependencies = (
			);
			name = "FirebaseAuth-Lab";
			productName = "FirebaseAuth-Lab";
			productReference = C6132FF4240D4F480031714A /* FirebaseAuth-Lab.app */;
			productType = "com.apple.product-type.application";
		};
/* End PBXNativeTarget section */

/* Begin PBXProject section */
		C6132FEC240D4F480031714A /* Project object */ = {
			isa = PBXProject;
			attributes = {
				LastSwiftUpdateCheck = 1130;
				LastUpgradeCheck = 1130;
				ORGANIZATIONNAME = "casandra grullon";
				TargetAttributes = {
					C6132FF3240D4F480031714A = {
						CreatedOnToolsVersion = 11.3.1;
					};
				};
			};
			buildConfigurationList = C6132FEF240D4F480031714A /* Build configuration list for PBXProject "FirebaseAuth-Lab" */;
			compatibilityVersion = "Xcode 9.3";
			developmentRegion = en;
			hasScannedForEncodings = 0;
			knownRegions = (
				en,
				Base,
			);
			mainGroup = C6132FEB240D4F480031714A;
			productRefGroup = C6132FF5240D4F480031714A /* Products */;
			projectDirPath = "";
			projectRoot = "";
			targets = (
				C6132FF3240D4F480031714A /* FirebaseAuth-Lab */,
			);
		};
/* End PBXProject section */

/* Begin PBXResourcesBuildPhase section */
		C6132FF2240D4F480031714A /* Resources */ = {
			isa = PBXResourcesBuildPhase;
			buildActionMask = 2147483647;
			files = (
				C6133004240D4F4B0031714A /* LaunchScreen.storyboard in Resources */,
				C6133001240D4F4B0031714A /* Assets.xcassets in Resources */,
				C6132FFF240D4F480031714A /* Main.storyboard in Resources */,
			);
			runOnlyForDeploymentPostprocessing = 0;
		};
/* End PBXResourcesBuildPhase section */

/* Begin PBXSourcesBuildPhase section */
		C6132FF0240D4F480031714A /* Sources */ = {
			isa = PBXSourcesBuildPhase;
			buildActionMask = 2147483647;
			files = (
				C6132FFC240D4F480031714A /* LoginViewController.swift in Sources */,
				C6132FF8240D4F480031714A /* AppDelegate.swift in Sources */,
				C613300C240D586F0031714A /* ProfileViewController.swift in Sources */,
				C6132FFA240D4F480031714A /* SceneDelegate.swift in Sources */,
			);
			runOnlyForDeploymentPostprocessing = 0;
		};
/* End PBXSourcesBuildPhase section */

/* Begin PBXVariantGroup section */
		C6132FFD240D4F480031714A /* Main.storyboard */ = {
			isa = PBXVariantGroup;
			children = (
				C6132FFE240D4F480031714A /* Base */,
			);
			name = Main.storyboard;
			sourceTree = "<group>";
		};
		C6133002240D4F4B0031714A /* LaunchScreen.storyboard */ = {
			isa = PBXVariantGroup;
			children = (
				C6133003240D4F4B0031714A /* Base */,
			);
			name = LaunchScreen.storyboard;
			sourceTree = "<group>";
		};
/* End PBXVariantGroup section */

/* Begin XCBuildConfiguration section */
		C6133006240D4F4B0031714A /* Debug */ = {
			isa = XCBuildConfiguration;
			buildSettings = {
				ALWAYS_SEARCH_USER_PATHS = NO;
				CLANG_ANALYZER_NONNULL = YES;
				CLANG_ANALYZER_NUMBER_OBJECT_CONVERSION = YES_AGGRESSIVE;
				CLANG_CXX_LANGUAGE_STANDARD = "gnu++14";
				CLANG_CXX_LIBRARY = "libc++";
				CLANG_ENABLE_MODULES = YES;
				CLANG_ENABLE_OBJC_ARC = YES;
				CLANG_ENABLE_OBJC_WEAK = YES;
				CLANG_WARN_BLOCK_CAPTURE_AUTORELEASING = YES;
				CLANG_WARN_BOOL_CONVERSION = YES;
				CLANG_WARN_COMMA = YES;
				CLANG_WARN_CONSTANT_CONVERSION = YES;
				CLANG_WARN_DEPRECATED_OBJC_IMPLEMENTATIONS = YES;
				CLANG_WARN_DIRECT_OBJC_ISA_USAGE = YES_ERROR;
				CLANG_WARN_DOCUMENTATION_COMMENTS = YES;
				CLANG_WARN_EMPTY_BODY = YES;
				CLANG_WARN_ENUM_CONVERSION = YES;
				CLANG_WARN_INFINITE_RECURSION = YES;
				CLANG_WARN_INT_CONVERSION = YES;
				CLANG_WARN_NON_LITERAL_NULL_CONVERSION = YES;
				CLANG_WARN_OBJC_IMPLICIT_RETAIN_SELF = YES;
				CLANG_WARN_OBJC_LITERAL_CONVERSION = YES;
				CLANG_WARN_OBJC_ROOT_CLASS = YES_ERROR;
				CLANG_WARN_RANGE_LOOP_ANALYSIS = YES;
				CLANG_WARN_STRICT_PROTOTYPES = YES;
				CLANG_WARN_SUSPICIOUS_MOVE = YES;
				CLANG_WARN_UNGUARDED_AVAILABILITY = YES_AGGRESSIVE;
				CLANG_WARN_UNREACHABLE_CODE = YES;
				CLANG_WARN__DUPLICATE_METHOD_MATCH = YES;
				COPY_PHASE_STRIP = NO;
				DEBUG_INFORMATION_FORMAT = dwarf;
				ENABLE_STRICT_OBJC_MSGSEND = YES;
				ENABLE_TESTABILITY = YES;
				GCC_C_LANGUAGE_STANDARD = gnu11;
				GCC_DYNAMIC_NO_PIC = NO;
				GCC_NO_COMMON_BLOCKS = YES;
				GCC_OPTIMIZATION_LEVEL = 0;
				GCC_PREPROCESSOR_DEFINITIONS = (
					"DEBUG=1",
					"$(inherited)",
				);
				GCC_WARN_64_TO_32_BIT_CONVERSION = YES;
				GCC_WARN_ABOUT_RETURN_TYPE = YES_ERROR;
				GCC_WARN_UNDECLARED_SELECTOR = YES;
				GCC_WARN_UNINITIALIZED_AUTOS = YES_AGGRESSIVE;
				GCC_WARN_UNUSED_FUNCTION = YES;
				GCC_WARN_UNUSED_VARIABLE = YES;
				IPHONEOS_DEPLOYMENT_TARGET = 13.2;
				MTL_ENABLE_DEBUG_INFO = INCLUDE_SOURCE;
				MTL_FAST_MATH = YES;
				ONLY_ACTIVE_ARCH = YES;
				SDKROOT = iphoneos;
				SWIFT_ACTIVE_COMPILATION_CONDITIONS = DEBUG;
				SWIFT_OPTIMIZATION_LEVEL = "-Onone";
			};
			name = Debug;
		};
		C6133007240D4F4B0031714A /* Release */ = {
			isa = XCBuildConfiguration;
			buildSettings = {
				ALWAYS_SEARCH_USER_PATHS = NO;
				CLANG_ANALYZER_NONNULL = YES;
				CLANG_ANALYZER_NUMBER_OBJECT_CONVERSION = YES_AGGRESSIVE;
				CLANG_CXX_LANGUAGE_STANDARD = "gnu++14";
				CLANG_CXX_LIBRARY = "libc++";
				CLANG_ENABLE_MODULES = YES;
				CLANG_ENABLE_OBJC_ARC = YES;
				CLANG_ENABLE_OBJC_WEAK = YES;
				CLANG_WARN_BLOCK_CAPTURE_AUTORELEASING = YES;
				CLANG_WARN_BOOL_CONVERSION = YES;
				CLANG_WARN_COMMA = YES;
				CLANG_WARN_CONSTANT_CONVERSION = YES;
				CLANG_WARN_DEPRECATED_OBJC_IMPLEMENTATIONS = YES;
				CLANG_WARN_DIRECT_OBJC_ISA_USAGE = YES_ERROR;
				CLANG_WARN_DOCUMENTATION_COMMENTS = YES;
				CLANG_WARN_EMPTY_BODY = YES;
				CLANG_WARN_ENUM_CONVERSION = YES;
				CLANG_WARN_INFINITE_RECURSION = YES;
				CLANG_WARN_INT_CONVERSION = YES;
				CLANG_WARN_NON_LITERAL_NULL_CONVERSION = YES;
				CLANG_WARN_OBJC_IMPLICIT_RETAIN_SELF = YES;
				CLANG_WARN_OBJC_LITERAL_CONVERSION = YES;
				CLANG_WARN_OBJC_ROOT_CLASS = YES_ERROR;
				CLANG_WARN_RANGE_LOOP_ANALYSIS = YES;
				CLANG_WARN_STRICT_PROTOTYPES = YES;
				CLANG_WARN_SUSPICIOUS_MOVE = YES;
				CLANG_WARN_UNGUARDED_AVAILABILITY = YES_AGGRESSIVE;
				CLANG_WARN_UNREACHABLE_CODE = YES;
				CLANG_WARN__DUPLICATE_METHOD_MATCH = YES;
				COPY_PHASE_STRIP = NO;
				DEBUG_INFORMATION_FORMAT = "dwarf-with-dsym";
				ENABLE_NS_ASSERTIONS = NO;
				ENABLE_STRICT_OBJC_MSGSEND = YES;
				GCC_C_LANGUAGE_STANDARD = gnu11;
				GCC_NO_COMMON_BLOCKS = YES;
				GCC_WARN_64_TO_32_BIT_CONVERSION = YES;
				GCC_WARN_ABOUT_RETURN_TYPE = YES_ERROR;
				GCC_WARN_UNDECLARED_SELECTOR = YES;
				GCC_WARN_UNINITIALIZED_AUTOS = YES_AGGRESSIVE;
				GCC_WARN_UNUSED_FUNCTION = YES;
				GCC_WARN_UNUSED_VARIABLE = YES;
				IPHONEOS_DEPLOYMENT_TARGET = 13.2;
				MTL_ENABLE_DEBUG_INFO = NO;
				MTL_FAST_MATH = YES;
				SDKROOT = iphoneos;
				SWIFT_COMPILATION_MODE = wholemodule;
				SWIFT_OPTIMIZATION_LEVEL = "-O";
				VALIDATE_PRODUCT = YES;
			};
			name = Release;
		};
		C6133009240D4F4B0031714A /* Debug */ = {
			isa = XCBuildConfiguration;
			buildSettings = {
				ASSETCATALOG_COMPILER_APPICON_NAME = AppIcon;
				CODE_SIGN_STYLE = Automatic;
				DEVELOPMENT_TEAM = JRUP55ZMLQ;
				INFOPLIST_FILE = "FirebaseAuth-Lab/Info.plist";
				LD_RUNPATH_SEARCH_PATHS = (
					"$(inherited)",
					"@executable_path/Frameworks",
				);
				PRODUCT_BUNDLE_IDENTIFIER = "com.casandragrullon.FirebaseAuth-Lab";
				PRODUCT_NAME = "$(TARGET_NAME)";
				SWIFT_VERSION = 5.0;
				TARGETED_DEVICE_FAMILY = "1,2";
			};
			name = Debug;
		};
		C613300A240D4F4B0031714A /* Release */ = {
			isa = XCBuildConfiguration;
			buildSettings = {
				ASSETCATALOG_COMPILER_APPICON_NAME = AppIcon;
				CODE_SIGN_STYLE = Automatic;
				DEVELOPMENT_TEAM = JRUP55ZMLQ;
				INFOPLIST_FILE = "FirebaseAuth-Lab/Info.plist";
				LD_RUNPATH_SEARCH_PATHS = (
					"$(inherited)",
					"@executable_path/Frameworks",
				);
				PRODUCT_BUNDLE_IDENTIFIER = "com.casandragrullon.FirebaseAuth-Lab";
				PRODUCT_NAME = "$(TARGET_NAME)";
				SWIFT_VERSION = 5.0;
				TARGETED_DEVICE_FAMILY = "1,2";
			};
			name = Release;
		};
/* End XCBuildConfiguration section */

/* Begin XCConfigurationList section */
		C6132FEF240D4F480031714A /* Build configuration list for PBXProject "FirebaseAuth-Lab" */ = {
			isa = XCConfigurationList;
			buildConfigurations = (
				C6133006240D4F4B0031714A /* Debug */,
				C6133007240D4F4B0031714A /* Release */,
			);
			defaultConfigurationIsVisible = 0;
			defaultConfigurationName = Release;
		};
		C6133008240D4F4B0031714A /* Build configuration list for PBXNativeTarget "FirebaseAuth-Lab" */ = {
			isa = XCConfigurationList;
			buildConfigurations = (
				C6133009240D4F4B0031714A /* Debug */,
				C613300A240D4F4B0031714A /* Release */,
			);
			defaultConfigurationIsVisible = 0;
			defaultConfigurationName = Release;
		};
/* End XCConfigurationList section */
	};
	rootObject = C6132FEC240D4F480031714A /* Project object */;
}
